// !$*UTF8*$!
{
	archiveVersion = 1;
	classes = {
	};
	objectVersion = 50;
	objects = {

/* Begin PBXBuildFile section */
		656D762421495B3D004BFE97 /* glad.c in Sources */ = {isa = PBXBuildFile; fileRef = 656D762221495B3D004BFE97 /* glad.c */; };
		65BE8AE021406C9C004B8021 /* Square.cpp in Sources */ = {isa = PBXBuildFile; fileRef = 65BE8ADB21406C9C004B8021 /* Square.cpp */; };
		65BE8AE32141921B004B8021 /* SDL2.framework in Frameworks */ = {isa = PBXBuildFile; fileRef = 65BE8AE22141921B004B8021 /* SDL2.framework */; };
/* End PBXBuildFile section */

/* Begin PBXCopyFilesBuildPhase section */
		65BE8ACE21406C44004B8021 /* CopyFiles */ = {
			isa = PBXCopyFilesBuildPhase;
			buildActionMask = 2147483647;
			dstPath = /usr/share/man/man1/;
			dstSubfolderSpec = 0;
			files = (
			);
			runOnlyForDeploymentPostprocessing = 1;
		};
/* End PBXCopyFilesBuildPhase section */

/* Begin PBXFileReference section */
		656D762121495B3D004BFE97 /* khrplatform.h */ = {isa = PBXFileReference; fileEncoding = 4; lastKnownFileType = sourcecode.c.h; name = khrplatform.h; path = "Assignment0/New Group/khrplatform.h"; sourceTree = SOURCE_ROOT; };
		656D762221495B3D004BFE97 /* glad.c */ = {isa = PBXFileReference; fileEncoding = 4; lastKnownFileType = sourcecode.c.c; name = glad.c; path = "Assignment0/New Group/glad.c"; sourceTree = SOURCE_ROOT; };
		656D762321495B3D004BFE97 /* glad.h */ = {isa = PBXFileReference; fileEncoding = 4; lastKnownFileType = sourcecode.c.h; name = glad.h; path = "Assignment0/New Group/glad.h"; sourceTree = SOURCE_ROOT; };
		65BE8AD021406C44004B8021 /* Assignment0 */ = {isa = PBXFileReference; explicitFileType = "compiled.mach-o.executable"; includeInIndex = 0; path = Assignment0; sourceTree = BUILT_PRODUCTS_DIR; };
		65BE8ADB21406C9C004B8021 /* Square.cpp */ = {isa = PBXFileReference; fileEncoding = 4; lastKnownFileType = sourcecode.cpp.cpp; path = Square.cpp; sourceTree = "<group>"; };
		65BE8ADC21406C9C004B8021 /* goldy.ppm */ = {isa = PBXFileReference; fileEncoding = 4; lastKnownFileType = text; path = goldy.ppm; sourceTree = "<group>"; };
		65BE8ADD21406C9C004B8021 /* brick.ppm */ = {isa = PBXFileReference; fileEncoding = 4; lastKnownFileType = text; path = brick.ppm; sourceTree = "<group>"; };
		65BE8ADE21406C9C004B8021 /* goldySmall.png */ = {isa = PBXFileReference; lastKnownFileType = image.png; path = goldySmall.png; sourceTree = "<group>"; };
		65BE8ADF21406C9C004B8021 /* test.ppm */ = {isa = PBXFileReference; fileEncoding = 4; lastKnownFileType = text; path = test.ppm; sourceTree = "<group>"; };
		65BE8AE22141921B004B8021 /* SDL2.framework */ = {isa = PBXFileReference; lastKnownFileType = wrapper.framework; name = SDL2.framework; path = ../../../../../../Library/Frameworks/SDL2.framework; sourceTree = "<group>"; };
		65BE8AE421482764004B8021 /* run.sh */ = {isa = PBXFileReference; lastKnownFileType = text.script.sh; path = run.sh; sourceTree = "<group>"; };
/* End PBXFileReference section */

/* Begin PBXFrameworksBuildPhase section */
		65BE8ACD21406C44004B8021 /* Frameworks */ = {
			isa = PBXFrameworksBuildPhase;
			buildActionMask = 2147483647;
			files = (
				65BE8AE32141921B004B8021 /* SDL2.framework in Frameworks */,
			);
			runOnlyForDeploymentPostprocessing = 0;
		};
/* End PBXFrameworksBuildPhase section */

/* Begin PBXGroup section */
		656D762021495B2C004BFE97 /* glad */ = {
			isa = PBXGroup;
			children = (
				656D762221495B3D004BFE97 /* glad.c */,
				656D762321495B3D004BFE97 /* glad.h */,
				656D762121495B3D004BFE97 /* khrplatform.h */,
			);
			name = glad;
			path = "New Group";
			sourceTree = "<group>";
		};
		65BE8AC721406C44004B8021 = {
			isa = PBXGroup;
			children = (
				65BE8AD221406C44004B8021 /* Assignment0 */,
				65BE8AD121406C44004B8021 /* Products */,
				65BE8AE12141921A004B8021 /* Frameworks */,
			);
			sourceTree = "<group>";
		};
		65BE8AD121406C44004B8021 /* Products */ = {
			isa = PBXGroup;
			children = (
				65BE8AD021406C44004B8021 /* Assignment0 */,
			);
			name = Products;
			sourceTree = "<group>";
		};
		65BE8AD221406C44004B8021 /* Assignment0 */ = {
			isa = PBXGroup;
			children = (
				656D762021495B2C004BFE97 /* glad */,
				65BE8ADD21406C9C004B8021 /* brick.ppm */,
				65BE8ADC21406C9C004B8021 /* goldy.ppm */,
				65BE8ADE21406C9C004B8021 /* goldySmall.png */,
				65BE8ADB21406C9C004B8021 /* Square.cpp */,
				65BE8AE421482764004B8021 /* run.sh */,
				65BE8ADF21406C9C004B8021 /* test.ppm */,
			);
			path = Assignment0;
			sourceTree = "<group>";
		};
		65BE8AE12141921A004B8021 /* Frameworks */ = {
			isa = PBXGroup;
			children = (
				65BE8AE22141921B004B8021 /* SDL2.framework */,
			);
			name = Frameworks;
			sourceTree = "<group>";
		};
/* End PBXGroup section */

/* Begin PBXNativeTarget section */
		65BE8ACF21406C44004B8021 /* Assignment0 */ = {
			isa = PBXNativeTarget;
			buildConfigurationList = 65BE8AD721406C44004B8021 /* Build configuration list for PBXNativeTarget "Assignment0" */;
			buildPhases = (
				65BE8ACC21406C44004B8021 /* Sources */,
				65BE8ACD21406C44004B8021 /* Frameworks */,
				65BE8ACE21406C44004B8021 /* CopyFiles */,
			);
			buildRules = (
			);
			dependencies = (
			);
			name = Assignment0;
			productName = Assignment0;
			productReference = 65BE8AD021406C44004B8021 /* Assignment0 */;
			productType = "com.apple.product-type.tool";
		};
/* End PBXNativeTarget section */

/* Begin PBXProject section */
		65BE8AC821406C44004B8021 /* Project object */ = {
			isa = PBXProject;
			attributes = {
				LastUpgradeCheck = 1000;
				ORGANIZATIONNAME = "Brenna Olson";
				TargetAttributes = {
					65BE8ACF21406C44004B8021 = {
						CreatedOnToolsVersion = 10.0;
					};
				};
			};
			buildConfigurationList = 65BE8ACB21406C44004B8021 /* Build configuration list for PBXProject "Assignment0" */;
			compatibilityVersion = "Xcode 9.3";
			developmentRegion = en;
			hasScannedForEncodings = 0;
			knownRegions = (
				en,
			);
			mainGroup = 65BE8AC721406C44004B8021;
			productRefGroup = 65BE8AD121406C44004B8021 /* Products */;
			projectDirPath = "";
			projectRoot = "";
			targets = (
				65BE8ACF21406C44004B8021 /* Assignment0 */,
			);
		};
/* End PBXProject section */

/* Begin PBXSourcesBuildPhase section */
		65BE8ACC21406C44004B8021 /* Sources */ = {
			isa = PBXSourcesBuildPhase;
			buildActionMask = 2147483647;
			files = (
				65BE8AE021406C9C004B8021 /* Square.cpp in Sources */,
				656D762421495B3D004BFE97 /* glad.c in Sources */,
			);
			runOnlyForDeploymentPostprocessing = 0;
		};
/* End PBXSourcesBuildPhase section */

/* Begin XCBuildConfiguration section */
		65BE8AD521406C44004B8021 /* Debug */ = {
			isa = XCBuildConfiguration;
			buildSettings = {
				ALWAYS_SEARCH_USER_PATHS = NO;
				CLANG_ANALYZER_NONNULL = YES;
				CLANG_ANALYZER_NUMBER_OBJECT_CONVERSION = YES_AGGRESSIVE;
				CLANG_CXX_LANGUAGE_STANDARD = "gnu++14";
				CLANG_CXX_LIBRARY = "libc++";
				CLANG_ENABLE_MODULES = YES;
				CLANG_ENABLE_OBJC_ARC = YES;
				CLANG_ENABLE_OBJC_WEAK = YES;
				CLANG_WARN_BLOCK_CAPTURE_AUTORELEASING = YES;
				CLANG_WARN_BOOL_CONVERSION = YES;
				CLANG_WARN_COMMA = YES;
				CLANG_WARN_CONSTANT_CONVERSION = YES;
				CLANG_WARN_DEPRECATED_OBJC_IMPLEMENTATIONS = YES;
				CLANG_WARN_DIRECT_OBJC_ISA_USAGE = YES_ERROR;
				CLANG_WARN_DOCUMENTATION_COMMENTS = YES;
				CLANG_WARN_EMPTY_BODY = YES;
				CLANG_WARN_ENUM_CONVERSION = YES;
				CLANG_WARN_INFINITE_RECURSION = YES;
				CLANG_WARN_INT_CONVERSION = YES;
				CLANG_WARN_NON_LITERAL_NULL_CONVERSION = YES;
				CLANG_WARN_OBJC_IMPLICIT_RETAIN_SELF = YES;
				CLANG_WARN_OBJC_LITERAL_CONVERSION = YES;
				CLANG_WARN_OBJC_ROOT_CLASS = YES_ERROR;
				CLANG_WARN_RANGE_LOOP_ANALYSIS = YES;
				CLANG_WARN_STRICT_PROTOTYPES = YES;
				CLANG_WARN_SUSPICIOUS_MOVE = YES;
				CLANG_WARN_UNGUARDED_AVAILABILITY = YES_AGGRESSIVE;
				CLANG_WARN_UNREACHABLE_CODE = YES;
				CLANG_WARN__DUPLICATE_METHOD_MATCH = YES;
				CODE_SIGN_IDENTITY = "Mac Developer";
				COPY_PHASE_STRIP = NO;
				DEBUG_INFORMATION_FORMAT = dwarf;
				ENABLE_STRICT_OBJC_MSGSEND = YES;
				ENABLE_TESTABILITY = YES;
				GCC_C_LANGUAGE_STANDARD = gnu11;
				GCC_DYNAMIC_NO_PIC = NO;
				GCC_NO_COMMON_BLOCKS = YES;
				GCC_OPTIMIZATION_LEVEL = 0;
				GCC_PREPROCESSOR_DEFINITIONS = (
					"DEBUG=1",
					"$(inherited)",
				);
				GCC_WARN_64_TO_32_BIT_CONVERSION = YES;
				GCC_WARN_ABOUT_RETURN_TYPE = YES_ERROR;
				GCC_WARN_UNDECLARED_SELECTOR = YES;
				GCC_WARN_UNINITIALIZED_AUTOS = YES_AGGRESSIVE;
				GCC_WARN_UNUSED_FUNCTION = YES;
				GCC_WARN_UNUSED_VARIABLE = YES;
				MACOSX_DEPLOYMENT_TARGET = 10.13;
				MTL_ENABLE_DEBUG_INFO = INCLUDE_SOURCE;
				MTL_FAST_MATH = YES;
				ONLY_ACTIVE_ARCH = YES;
				SDKROOT = macosx;
			};
			name = Debug;
		};
		65BE8AD621406C44004B8021 /* Release */ = {
			isa = XCBuildConfiguration;
			buildSettings = {
				ALWAYS_SEARCH_USER_PATHS = NO;
				CLANG_ANALYZER_NONNULL = YES;
				CLANG_ANALYZER_NUMBER_OBJECT_CONVERSION = YES_AGGRESSIVE;
				CLANG_CXX_LANGUAGE_STANDARD = "gnu++14";
				CLANG_CXX_LIBRARY = "libc++";
				CLANG_ENABLE_MODULES = YES;
				CLANG_ENABLE_OBJC_ARC = YES;
				CLANG_ENABLE_OBJC_WEAK = YES;
				CLANG_WARN_BLOCK_CAPTURE_AUTORELEASING = YES;
				CLANG_WARN_BOOL_CONVERSION = YES;
				CLANG_WARN_COMMA = YES;
				CLANG_WARN_CONSTANT_CONVERSION = YES;
				CLANG_WARN_DEPRECATED_OBJC_IMPLEMENTATIONS = YES;
				CLANG_WARN_DIRECT_OBJC_ISA_USAGE = YES_ERROR;
				CLANG_WARN_DOCUMENTATION_COMMENTS = YES;
				CLANG_WARN_EMPTY_BODY = YES;
				CLANG_WARN_ENUM_CONVERSION = YES;
				CLANG_WARN_INFINITE_RECURSION = YES;
				CLANG_WARN_INT_CONVERSION = YES;
				CLANG_WARN_NON_LITERAL_NULL_CONVERSION = YES;
				CLANG_WARN_OBJC_IMPLICIT_RETAIN_SELF = YES;
				CLANG_WARN_OBJC_LITERAL_CONVERSION = YES;
				CLANG_WARN_OBJC_ROOT_CLASS = YES_ERROR;
				CLANG_WARN_RANGE_LOOP_ANALYSIS = YES;
				CLANG_WARN_STRICT_PROTOTYPES = YES;
				CLANG_WARN_SUSPICIOUS_MOVE = YES;
				CLANG_WARN_UNGUARDED_AVAILABILITY = YES_AGGRESSIVE;
				CLANG_WARN_UNREACHABLE_CODE = YES;
				CLANG_WARN__DUPLICATE_METHOD_MATCH = YES;
				CODE_SIGN_IDENTITY = "Mac Developer";
				COPY_PHASE_STRIP = NO;
				DEBUG_INFORMATION_FORMAT = "dwarf-with-dsym";
				ENABLE_NS_ASSERTIONS = NO;
				ENABLE_STRICT_OBJC_MSGSEND = YES;
				GCC_C_LANGUAGE_STANDARD = gnu11;
				GCC_NO_COMMON_BLOCKS = YES;
				GCC_WARN_64_TO_32_BIT_CONVERSION = YES;
				GCC_WARN_ABOUT_RETURN_TYPE = YES_ERROR;
				GCC_WARN_UNDECLARED_SELECTOR = YES;
				GCC_WARN_UNINITIALIZED_AUTOS = YES_AGGRESSIVE;
				GCC_WARN_UNUSED_FUNCTION = YES;
				GCC_WARN_UNUSED_VARIABLE = YES;
				MACOSX_DEPLOYMENT_TARGET = 10.13;
				MTL_ENABLE_DEBUG_INFO = NO;
				MTL_FAST_MATH = YES;
				SDKROOT = macosx;
			};
			name = Release;
		};
		65BE8AD821406C44004B8021 /* Debug */ = {
			isa = XCBuildConfiguration;
			buildSettings = {
				CODE_SIGN_STYLE = Automatic;
				DEVELOPMENT_TEAM = 4D8XDT6VNY;
				FRAMEWORK_SEARCH_PATHS = (
					"$(inherited)",
					"$(LOCAL_LIBRARY_DIR)/Frameworks",
				);
				PRODUCT_NAME = "$(TARGET_NAME)";
			};
			name = Debug;
		};
		65BE8AD921406C44004B8021 /* Release */ = {
			isa = XCBuildConfiguration;
			buildSettings = {
				CODE_SIGN_STYLE = Automatic;
				DEVELOPMENT_TEAM = 4D8XDT6VNY;
				FRAMEWORK_SEARCH_PATHS = (
					"$(inherited)",
					"$(LOCAL_LIBRARY_DIR)/Frameworks",
				);
				PRODUCT_NAME = "$(TARGET_NAME)";
			};
			name = Release;
		};
/* End XCBuildConfiguration section */

/* Begin XCConfigurationList section */
		65BE8ACB21406C44004B8021 /* Build configuration list for PBXProject "Assignment0" */ = {
			isa = XCConfigurationList;
			buildConfigurations = (
				65BE8AD521406C44004B8021 /* Debug */,
				65BE8AD621406C44004B8021 /* Release */,
			);
			defaultConfigurationIsVisible = 0;
			defaultConfigurationName = Release;
		};
		65BE8AD721406C44004B8021 /* Build configuration list for PBXNativeTarget "Assignment0" */ = {
			isa = XCConfigurationList;
			buildConfigurations = (
				65BE8AD821406C44004B8021 /* Debug */,
				65BE8AD921406C44004B8021 /* Release */,
			);
			defaultConfigurationIsVisible = 0;
			defaultConfigurationName = Release;
		};
/* End XCConfigurationList section */
	};
	rootObject = 65BE8AC821406C44004B8021 /* Project object */;
}
